
Microsoft Visual Studio Solution File, Format Version 12.00
# Visual Studio Version 17
VisualStudioVersion = 17.4.33205.214
MinimumVisualStudioVersion = 10.0.40219.1
Project("{FAE04EC0-301F-11D3-BF4B-00C04F79EFBC}") = "mardul.VKBackup", "mardul.VKBackup\mardul.VKBackup.csproj", "{A63C691A-808F-4591-9584-471A9EE2EFD1}"
EndProject
Global
	GlobalSection(SolutionConfigurationPlatforms) = preSolution
		Debug|Any CPU = Debug|Any CPU
		Release|Any CPU = Release|Any CPU
	EndGlobalSection
	GlobalSection(ProjectConfigurationPlatforms) = postSolution
		{A63C691A-808F-4591-9584-471A9EE2EFD1}.Debug|Any CPU.ActiveCfg = Debug|Any CPU
		{A63C691A-808F-4591-9584-471A9EE2EFD1}.Debug|Any CPU.Build.0 = Debug|Any CPU
		{A63C691A-808F-4591-9584-471A9EE2EFD1}.Release|Any CPU.ActiveCfg = Release|Any CPU
		{A63C691A-808F-4591-9584-471A9EE2EFD1}.Release|Any CPU.Build.0 = Release|Any CPU
	EndGlobalSection
	GlobalSection(SolutionProperties) = preSolution
		HideSolutionNode = FALSE
	EndGlobalSection
	GlobalSection(ExtensibilityGlobals) = postSolution
		SolutionGuid = {B1E27685-01BD-4578-9BBF-E829EFF1CE77}
	EndGlobalSection
EndGlobal
